
Microsoft Visual Studio Solution File, Format Version 12.00
# Visual Studio Version 17
VisualStudioVersion = 17.2.32616.157
MinimumVisualStudioVersion = 10.0.40219.1
Project("{FAE04EC0-301F-11D3-BF4B-00C04F79EFBC}") = "MVCKalkulacka", "MVCKalkulacka\MVCKalkulacka.csproj", "{93EFB3D0-CCE3-4EFF-83F1-026683E55066}"
EndProject
Global
	GlobalSection(SolutionConfigurationPlatforms) = preSolution
		Debug|Any CPU = Debug|Any CPU
		Release|Any CPU = Release|Any CPU
	EndGlobalSection
	GlobalSection(ProjectConfigurationPlatforms) = postSolution
		{93EFB3D0-CCE3-4EFF-83F1-026683E55066}.Debug|Any CPU.ActiveCfg = Debug|Any CPU
		{93EFB3D0-CCE3-4EFF-83F1-026683E55066}.Debug|Any CPU.Build.0 = Debug|Any CPU
		{93EFB3D0-CCE3-4EFF-83F1-026683E55066}.Release|Any CPU.ActiveCfg = Release|Any CPU
		{93EFB3D0-CCE3-4EFF-83F1-026683E55066}.Release|Any CPU.Build.0 = Release|Any CPU
	EndGlobalSection
	GlobalSection(SolutionProperties) = preSolution
		HideSolutionNode = FALSE
	EndGlobalSection
	GlobalSection(ExtensibilityGlobals) = postSolution
		SolutionGuid = {A644FA4F-844F-448F-89F4-D5565DC04596}
	EndGlobalSection
EndGlobal
